
Microsoft Visual Studio Solution File, Format Version 12.00
# Visual Studio 15
Project("{FAE04EC0-301F-11D3-BF4B-00C04F79EFBC}") = "TP.B2", "TP.B2\TP.B2.csproj", "{F17D74D9-0CE0-41E0-AE9B-1E8FB725AE40}"
EndProject
Global
	GlobalSection(SolutionConfigurationPlatforms) = preSolution
		Debug|Any CPU = Debug|Any CPU
		Release|Any CPU = Release|Any CPU
	EndGlobalSection
	GlobalSection(ProjectConfigurationPlatforms) = postSolution
		{F17D74D9-0CE0-41E0-AE9B-1E8FB725AE40}.Debug|Any CPU.ActiveCfg = Debug|Any CPU
		{F17D74D9-0CE0-41E0-AE9B-1E8FB725AE40}.Debug|Any CPU.Build.0 = Debug|Any CPU
		{F17D74D9-0CE0-41E0-AE9B-1E8FB725AE40}.Release|Any CPU.ActiveCfg = Release|Any CPU
		{F17D74D9-0CE0-41E0-AE9B-1E8FB725AE40}.Release|Any CPU.Build.0 = Release|Any CPU
	EndGlobalSection
EndGlobal
