
Microsoft Visual Studio Solution File, Format Version 12.00
# Visual Studio 15
Project("{FAE04EC0-301F-11D3-BF4B-00C04F79EFBC}") = "DemoJson", "DemoJson\DemoJson.csproj", "{24DE3F17-8C1A-4439-92E2-8F89DE6CBE5F}"
EndProject
Global
	GlobalSection(SolutionConfigurationPlatforms) = preSolution
		Debug|Any CPU = Debug|Any CPU
		Release|Any CPU = Release|Any CPU
	EndGlobalSection
	GlobalSection(ProjectConfigurationPlatforms) = postSolution
		{24DE3F17-8C1A-4439-92E2-8F89DE6CBE5F}.Debug|Any CPU.ActiveCfg = Debug|Any CPU
		{24DE3F17-8C1A-4439-92E2-8F89DE6CBE5F}.Debug|Any CPU.Build.0 = Debug|Any CPU
		{24DE3F17-8C1A-4439-92E2-8F89DE6CBE5F}.Release|Any CPU.ActiveCfg = Release|Any CPU
		{24DE3F17-8C1A-4439-92E2-8F89DE6CBE5F}.Release|Any CPU.Build.0 = Release|Any CPU
	EndGlobalSection
EndGlobal
