
Microsoft Visual Studio Solution File, Format Version 12.00
# Visual Studio 15
VisualStudioVersion = 15.0.28010.2050
MinimumVisualStudioVersion = 10.0.40219.1
Project("{FAE04EC0-301F-11D3-BF4B-00C04F79EFBC}") = "TP_1", "TP_1\TP_1.csproj", "{FEE1432F-B61C-4CE4-9663-1772FB4DF493}"
EndProject
Global
	GlobalSection(SolutionConfigurationPlatforms) = preSolution
		Debug|Any CPU = Debug|Any CPU
		Release|Any CPU = Release|Any CPU
	EndGlobalSection
	GlobalSection(ProjectConfigurationPlatforms) = postSolution
		{FEE1432F-B61C-4CE4-9663-1772FB4DF493}.Debug|Any CPU.ActiveCfg = Debug|Any CPU
		{FEE1432F-B61C-4CE4-9663-1772FB4DF493}.Debug|Any CPU.Build.0 = Debug|Any CPU
		{FEE1432F-B61C-4CE4-9663-1772FB4DF493}.Release|Any CPU.ActiveCfg = Release|Any CPU
		{FEE1432F-B61C-4CE4-9663-1772FB4DF493}.Release|Any CPU.Build.0 = Release|Any CPU
	EndGlobalSection
	GlobalSection(SolutionProperties) = preSolution
		HideSolutionNode = FALSE
	EndGlobalSection
	GlobalSection(ExtensibilityGlobals) = postSolution
		SolutionGuid = {A520DC00-715B-46F0-B0DB-CF00ACB73D90}
	EndGlobalSection
EndGlobal
